
Microsoft Visual Studio Solution File, Format Version 12.00
# Visual Studio 15
VisualStudioVersion = 15.0.28307.960
MinimumVisualStudioVersion = 10.0.40219.1
Project("{FAE04EC0-301F-11D3-BF4B-00C04F79EFBC}") = "Lab 1", "..\20MART2020\SQLCommand\Lab 1.csproj", "{3294D945-6C61-468C-A1B6-5F7D2BE7CA8B}"
EndProject
Project("{FAE04EC0-301F-11D3-BF4B-00C04F79EFBC}") = "Lab 2", "Lab 2\Lab 2.csproj", "{9F1A86A2-C29D-4722-82CD-53A5FCAB07F0}"
EndProject
Project("{FAE04EC0-301F-11D3-BF4B-00C04F79EFBC}") = "clsMiddleLayer", "clsMiddleLayer\clsMiddleLayer.csproj", "{8D973A8F-CDCC-4285-8AF0-DA3D8C7BE8BE}"
EndProject
Global
	GlobalSection(SolutionConfigurationPlatforms) = preSolution
		Debug|Any CPU = Debug|Any CPU
		Release|Any CPU = Release|Any CPU
	EndGlobalSection
	GlobalSection(ProjectConfigurationPlatforms) = postSolution
		{3294D945-6C61-468C-A1B6-5F7D2BE7CA8B}.Debug|Any CPU.ActiveCfg = Debug|Any CPU
		{3294D945-6C61-468C-A1B6-5F7D2BE7CA8B}.Debug|Any CPU.Build.0 = Debug|Any CPU
		{3294D945-6C61-468C-A1B6-5F7D2BE7CA8B}.Release|Any CPU.ActiveCfg = Release|Any CPU
		{3294D945-6C61-468C-A1B6-5F7D2BE7CA8B}.Release|Any CPU.Build.0 = Release|Any CPU
		{9F1A86A2-C29D-4722-82CD-53A5FCAB07F0}.Debug|Any CPU.ActiveCfg = Debug|Any CPU
		{9F1A86A2-C29D-4722-82CD-53A5FCAB07F0}.Debug|Any CPU.Build.0 = Debug|Any CPU
		{9F1A86A2-C29D-4722-82CD-53A5FCAB07F0}.Release|Any CPU.ActiveCfg = Release|Any CPU
		{9F1A86A2-C29D-4722-82CD-53A5FCAB07F0}.Release|Any CPU.Build.0 = Release|Any CPU
		{8D973A8F-CDCC-4285-8AF0-DA3D8C7BE8BE}.Debug|Any CPU.ActiveCfg = Debug|Any CPU
		{8D973A8F-CDCC-4285-8AF0-DA3D8C7BE8BE}.Debug|Any CPU.Build.0 = Debug|Any CPU
		{8D973A8F-CDCC-4285-8AF0-DA3D8C7BE8BE}.Release|Any CPU.ActiveCfg = Release|Any CPU
		{8D973A8F-CDCC-4285-8AF0-DA3D8C7BE8BE}.Release|Any CPU.Build.0 = Release|Any CPU
	EndGlobalSection
	GlobalSection(SolutionProperties) = preSolution
		HideSolutionNode = FALSE
	EndGlobalSection
	GlobalSection(ExtensibilityGlobals) = postSolution
		SolutionGuid = {3D427F9B-6AA7-43ED-A523-16C484DCA1F0}
	EndGlobalSection
EndGlobal
